
Microsoft Visual Studio Solution File, Format Version 12.00
# Visual Studio 15
VisualStudioVersion = 15.0.27130.2027
MinimumVisualStudioVersion = 10.0.40219.1
Project("{9A19103F-16F7-4668-BE54-9A1E7A4F7556}") = "Pet Care Advice App", "Pet Care Advice App\Pet Care Advice App.csproj", "{280D8920-48D0-43E8-B445-117258B6A664}"
EndProject
Global
	GlobalSection(SolutionConfigurationPlatforms) = preSolution
		Debug|Any CPU = Debug|Any CPU
		Release|Any CPU = Release|Any CPU
	EndGlobalSection
	GlobalSection(ProjectConfigurationPlatforms) = postSolution
		{280D8920-48D0-43E8-B445-117258B6A664}.Debug|Any CPU.ActiveCfg = Debug|Any CPU
		{280D8920-48D0-43E8-B445-117258B6A664}.Debug|Any CPU.Build.0 = Debug|Any CPU
		{280D8920-48D0-43E8-B445-117258B6A664}.Release|Any CPU.ActiveCfg = Release|Any CPU
		{280D8920-48D0-43E8-B445-117258B6A664}.Release|Any CPU.Build.0 = Release|Any CPU
	EndGlobalSection
	GlobalSection(SolutionProperties) = preSolution
		HideSolutionNode = FALSE
	EndGlobalSection
	GlobalSection(ExtensibilityGlobals) = postSolution
		SolutionGuid = {A7D10AAC-F201-4689-945B-6B84564A9F2E}
	EndGlobalSection
EndGlobal
